Microsoft Visual Studio Solution File, Format Version 12.00
# Visual Studio Version 17
VisualStudioVersion = 17.5.2.0
MinimumVisualStudioVersion = 10.0.40219.1
Project("{FAE04EC0-301F-11D3-BF4B-00C04F79EFBC}") = "SimpleAuthApp", "SimpleAuthApp.csproj", "{36127894-DAE8-81BC-AB1F-B7130F78BDB4}"
EndProject
Global
	GlobalSection(SolutionConfigurationPlatforms) = preSolution
		Debug|Any CPU = Debug|Any CPU
		Release|Any CPU = Release|Any CPU
	EndGlobalSection
	GlobalSection(ProjectConfigurationPlatforms) = postSolution
		{36127894-DAE8-81BC-AB1F-B7130F78BDB4}.Debug|Any CPU.ActiveCfg = Debug|Any CPU
		{36127894-DAE8-81BC-AB1F-B7130F78BDB4}.Debug|Any CPU.Build.0 = Debug|Any CPU
		{36127894-DAE8-81BC-AB1F-B7130F78BDB4}.Release|Any CPU.ActiveCfg = Release|Any CPU
		{36127894-DAE8-81BC-AB1F-B7130F78BDB4}.Release|Any CPU.Build.0 = Release|Any CPU
	EndGlobalSection
	GlobalSection(SolutionProperties) = preSolution
		HideSolutionNode = FALSE
	EndGlobalSection
	GlobalSection(ExtensibilityGlobals) = postSolution
		SolutionGuid = {C354F30C-C59F-4B1E-91C9-1512E4210BE5}
	EndGlobalSection
EndGlobal
